
Microsoft Visual Studio Solution File, Format Version 12.00
# Visual Studio Version 16
VisualStudioVersion = 16.0.30503.244
MinimumVisualStudioVersion = 10.0.40219.1
Project("{FAE04EC0-301F-11D3-BF4B-00C04F79EFBC}") = "Maior2Numeros", "Maior2Numeros\Maior2Numeros.csproj", "{6D99C22A-FBFC-4E44-B705-B3B307D91702}"
EndProject
Global
	GlobalSection(SolutionConfigurationPlatforms) = preSolution
		Debug|Any CPU = Debug|Any CPU
		Release|Any CPU = Release|Any CPU
	EndGlobalSection
	GlobalSection(ProjectConfigurationPlatforms) = postSolution
		{6D99C22A-FBFC-4E44-B705-B3B307D91702}.Debug|Any CPU.ActiveCfg = Debug|Any CPU
		{6D99C22A-FBFC-4E44-B705-B3B307D91702}.Debug|Any CPU.Build.0 = Debug|Any CPU
		{6D99C22A-FBFC-4E44-B705-B3B307D91702}.Release|Any CPU.ActiveCfg = Release|Any CPU
		{6D99C22A-FBFC-4E44-B705-B3B307D91702}.Release|Any CPU.Build.0 = Release|Any CPU
	EndGlobalSection
	GlobalSection(SolutionProperties) = preSolution
		HideSolutionNode = FALSE
	EndGlobalSection
	GlobalSection(ExtensibilityGlobals) = postSolution
		SolutionGuid = {51E4B043-0E02-49DC-AC85-68293D02DFE8}
	EndGlobalSection
EndGlobal
